// !$*UTF8*$!
{
	archiveVersion = 1;
	classes = {
	};
	objectVersion = 46;
	objects = {

/* Begin PBXBuildFile section */
		3E0B851D1E499066000197E6 /* AVOSCloud.framework in Frameworks */ = {isa = PBXBuildFile; fileRef = 3E0B851B1E499066000197E6 /* AVOSCloud.framework */; };
		3E0B851E1E499066000197E6 /* AVOSCloudIM.framework in Frameworks */ = {isa = PBXBuildFile; fileRef = 3E0B851C1E499066000197E6 /* AVOSCloudIM.framework */; };
		3E0B85201E49907F000197E6 /* libz.tbd in Frameworks */ = {isa = PBXBuildFile; fileRef = 3E0B851F1E49907F000197E6 /* libz.tbd */; };
		3E0B85221E49908E000197E6 /* libc++.tbd in Frameworks */ = {isa = PBXBuildFile; fileRef = 3E0B85211E49908E000197E6 /* libc++.tbd */; };
		3E0B85241E4990A7000197E6 /* libicucore.tbd in Frameworks */ = {isa = PBXBuildFile; fileRef = 3E0B85231E4990A7000197E6 /* libicucore.tbd */; };
		3E0B85261E4990B9000197E6 /* libsqlite3.tbd in Frameworks */ = {isa = PBXBuildFile; fileRef = 3E0B85251E4990B9000197E6 /* libsqlite3.tbd */; };
		3E0B85281E4990C6000197E6 /* SystemConfiguration.framework in Frameworks */ = {isa = PBXBuildFile; fileRef = 3E0B85271E4990C6000197E6 /* SystemConfiguration.framework */; };
		3E0B852A1E4990CC000197E6 /* MobileCoreServices.framework in Frameworks */ = {isa = PBXBuildFile; fileRef = 3E0B85291E4990CC000197E6 /* MobileCoreServices.framework */; };
		3E0B852C1E4990D6000197E6 /* CoreTelephony.framework in Frameworks */ = {isa = PBXBuildFile; fileRef = 3E0B852B1E4990D6000197E6 /* CoreTelephony.framework */; };
		3E0B852E1E4990E0000197E6 /* CoreLocation.framework in Frameworks */ = {isa = PBXBuildFile; fileRef = 3E0B852D1E4990E0000197E6 /* CoreLocation.framework */; };
		3E0B85321E49C101000197E6 /* RegistrationViewController.swift in Sources */ = {isa = PBXBuildFile; fileRef = 3E0B85311E49C101000197E6 /* RegistrationViewController.swift */; };
		3EBBEA241E4777F8005FCB3B /* LoginViewController.swift in Sources */ = {isa = PBXBuildFile; fileRef = 3EBBEA231E4777F8005FCB3B /* LoginViewController.swift */; };
		3EDABE0B1E45D07A000AB41A /* AppDelegate.swift in Sources */ = {isa = PBXBuildFile; fileRef = 3EDABE0A1E45D07A000AB41A /* AppDelegate.swift */; };
		3EDABE121E45D07A000AB41A /* Assets.xcassets in Resources */ = {isa = PBXBuildFile; fileRef = 3EDABE111E45D07A000AB41A /* Assets.xcassets */; };
		3EDABE151E45D07A000AB41A /* LaunchScreen.storyboard in Resources */ = {isa = PBXBuildFile; fileRef = 3EDABE131E45D07A000AB41A /* LaunchScreen.storyboard */; };
		3EDABE1E1E45E900000AB41A /* MainViewController.swift in Sources */ = {isa = PBXBuildFile; fileRef = 3EDABE1D1E45E900000AB41A /* MainViewController.swift */; };
		74122C073847477C4CE1F4E6 /* Pods_Lism.framework in Frameworks */ = {isa = PBXBuildFile; fileRef = 520428B1559B17B2C36B42CB /* Pods_Lism.framework */; };
/* End PBXBuildFile section */

/* Begin PBXFileReference section */
		00CB16244EE6783A8FF0F760 /* Pods-Lism.release.xcconfig */ = {isa = PBXFileReference; includeInIndex = 1; lastKnownFileType = text.xcconfig; name = "Pods-Lism.release.xcconfig"; path = "Pods/Target Support Files/Pods-Lism/Pods-Lism.release.xcconfig"; sourceTree = "<group>"; };
		3E0B851B1E499066000197E6 /* AVOSCloud.framework */ = {isa = PBXFileReference; lastKnownFileType = wrapper.framework; name = AVOSCloud.framework; path = "../../Library/Developer/Xcode/DerivedData/Lism-cqlbffvjtqermmeiwmahqhmjhyhd/Build/Products/Debug-iphonesimulator/AVOSCloud/AVOSCloud.framework"; sourceTree = "<group>"; };
		3E0B851C1E499066000197E6 /* AVOSCloudIM.framework */ = {isa = PBXFileReference; lastKnownFileType = wrapper.framework; name = AVOSCloudIM.framework; path = "../../Library/Developer/Xcode/DerivedData/Lism-cqlbffvjtqermmeiwmahqhmjhyhd/Build/Products/Debug-iphonesimulator/AVOSCloudIM/AVOSCloudIM.framework"; sourceTree = "<group>"; };
		3E0B851F1E49907F000197E6 /* libz.tbd */ = {isa = PBXFileReference; lastKnownFileType = "sourcecode.text-based-dylib-definition"; name = libz.tbd; path = usr/lib/libz.tbd; sourceTree = SDKROOT; };
		3E0B85211E49908E000197E6 /* libc++.tbd */ = {isa = PBXFileReference; lastKnownFileType = "sourcecode.text-based-dylib-definition"; name = "libc++.tbd"; path = "usr/lib/libc++.tbd"; sourceTree = SDKROOT; };
		3E0B85231E4990A7000197E6 /* libicucore.tbd */ = {isa = PBXFileReference; lastKnownFileType = "sourcecode.text-based-dylib-definition"; name = libicucore.tbd; path = usr/lib/libicucore.tbd; sourceTree = SDKROOT; };
		3E0B85251E4990B9000197E6 /* libsqlite3.tbd */ = {isa = PBXFileReference; lastKnownFileType = "sourcecode.text-based-dylib-definition"; name = libsqlite3.tbd; path = usr/lib/libsqlite3.tbd; sourceTree = SDKROOT; };
		3E0B85271E4990C6000197E6 /* SystemConfiguration.framework */ = {isa = PBXFileReference; lastKnownFileType = wrapper.framework; name = SystemConfiguration.framework; path = System/Library/Frameworks/SystemConfiguration.framework; sourceTree = SDKROOT; };
		3E0B85291E4990CC000197E6 /* MobileCoreServices.framework */ = {isa = PBXFileReference; lastKnownFileType = wrapper.framework; name = MobileCoreServices.framework; path = System/Library/Frameworks/MobileCoreServices.framework; sourceTree = SDKROOT; };
		3E0B852B1E4990D6000197E6 /* CoreTelephony.framework */ = {isa = PBXFileReference; lastKnownFileType = wrapper.framework; name = CoreTelephony.framework; path = System/Library/Frameworks/CoreTelephony.framework; sourceTree = SDKROOT; };
		3E0B852D1E4990E0000197E6 /* CoreLocation.framework */ = {isa = PBXFileReference; lastKnownFileType = wrapper.framework; name = CoreLocation.framework; path = System/Library/Frameworks/CoreLocation.framework; sourceTree = SDKROOT; };
		3E0B85311E49C101000197E6 /* RegistrationViewController.swift */ = {isa = PBXFileReference; fileEncoding = 4; lastKnownFileType = sourcecode.swift; name = RegistrationViewController.swift; path = Registration/RegistrationViewController.swift; sourceTree = "<group>"; };
		3EBBEA231E4777F8005FCB3B /* LoginViewController.swift */ = {isa = PBXFileReference; fileEncoding = 4; lastKnownFileType = sourcecode.swift; name = LoginViewController.swift; path = Login/LoginViewController.swift; sourceTree = "<group>"; };
		3EDABE071E45D07A000AB41A /* Lism.app */ = {isa = PBXFileReference; explicitFileType = wrapper.application; includeInIndex = 0; path = Lism.app; sourceTree = BUILT_PRODUCTS_DIR; };
		3EDABE0A1E45D07A000AB41A /* AppDelegate.swift */ = {isa = PBXFileReference; lastKnownFileType = sourcecode.swift; path = AppDelegate.swift; sourceTree = "<group>"; };
		3EDABE111E45D07A000AB41A /* Assets.xcassets */ = {isa = PBXFileReference; lastKnownFileType = folder.assetcatalog; path = Assets.xcassets; sourceTree = "<group>"; };
		3EDABE141E45D07A000AB41A /* Base */ = {isa = PBXFileReference; lastKnownFileType = file.storyboard; name = Base; path = Base.lproj/LaunchScreen.storyboard; sourceTree = "<group>"; };
		3EDABE161E45D07A000AB41A /* Info.plist */ = {isa = PBXFileReference; lastKnownFileType = text.plist.xml; path = Info.plist; sourceTree = "<group>"; };
		3EDABE1D1E45E900000AB41A /* MainViewController.swift */ = {isa = PBXFileReference; fileEncoding = 4; lastKnownFileType = sourcecode.swift; name = MainViewController.swift; path = MainViewController/MainViewController.swift; sourceTree = "<group>"; };
		520428B1559B17B2C36B42CB /* Pods_Lism.framework */ = {isa = PBXFileReference; explicitFileType = wrapper.framework; includeInIndex = 0; path = Pods_Lism.framework; sourceTree = BUILT_PRODUCTS_DIR; };
		A8E1729C34FC369C429BFE29 /* Pods-Lism.debug.xcconfig */ = {isa = PBXFileReference; includeInIndex = 1; lastKnownFileType = text.xcconfig; name = "Pods-Lism.debug.xcconfig"; path = "Pods/Target Support Files/Pods-Lism/Pods-Lism.debug.xcconfig"; sourceTree = "<group>"; };
/* End PBXFileReference section */

/* Begin PBXFrameworksBuildPhase section */
		3EDABE041E45D07A000AB41A /* Frameworks */ = {
			isa = PBXFrameworksBuildPhase;
			buildActionMask = 2147483647;
			files = (
				3E0B852E1E4990E0000197E6 /* CoreLocation.framework in Frameworks */,
				3E0B852C1E4990D6000197E6 /* CoreTelephony.framework in Frameworks */,
				3E0B852A1E4990CC000197E6 /* MobileCoreServices.framework in Frameworks */,
				3E0B85281E4990C6000197E6 /* SystemConfiguration.framework in Frameworks */,
				3E0B85261E4990B9000197E6 /* libsqlite3.tbd in Frameworks */,
				3E0B85241E4990A7000197E6 /* libicucore.tbd in Frameworks */,
				3E0B85221E49908E000197E6 /* libc++.tbd in Frameworks */,
				3E0B85201E49907F000197E6 /* libz.tbd in Frameworks */,
				3E0B851D1E499066000197E6 /* AVOSCloud.framework in Frameworks */,
				3E0B851E1E499066000197E6 /* AVOSCloudIM.framework in Frameworks */,
				74122C073847477C4CE1F4E6 /* Pods_Lism.framework in Frameworks */,
			);
			runOnlyForDeploymentPostprocessing = 0;
		};
/* End PBXFrameworksBuildPhase section */

/* Begin PBXGroup section */
		3E0B852F1E49BB5B000197E6 /* Extensions */ = {
			isa = PBXGroup;
			children = (
			);
			name = Extensions;
			sourceTree = "<group>";
		};
		3E0B85301E49C0E8000197E6 /* Registration */ = {
			isa = PBXGroup;
			children = (
				3E0B85311E49C101000197E6 /* RegistrationViewController.swift */,
			);
			name = Registration;
			sourceTree = "<group>";
		};
		3EBBEA221E4777ED005FCB3B /* Login */ = {
			isa = PBXGroup;
			children = (
				3EBBEA231E4777F8005FCB3B /* LoginViewController.swift */,
			);
			name = Login;
			sourceTree = "<group>";
		};
		3EDABDFE1E45D07A000AB41A = {
			isa = PBXGroup;
			children = (
				3EDABE091E45D07A000AB41A /* Lism */,
				3EDABE081E45D07A000AB41A /* Products */,
				E84385FC9CDF6FA208012D10 /* Pods */,
				87649FC137B6BE68E5E5DCCD /* Frameworks */,
			);
			sourceTree = "<group>";
		};
		3EDABE081E45D07A000AB41A /* Products */ = {
			isa = PBXGroup;
			children = (
				3EDABE071E45D07A000AB41A /* Lism.app */,
			);
			name = Products;
			sourceTree = "<group>";
		};
		3EDABE091E45D07A000AB41A /* Lism */ = {
			isa = PBXGroup;
			children = (
				3E0B85301E49C0E8000197E6 /* Registration */,
				3E0B852F1E49BB5B000197E6 /* Extensions */,
				3EBBEA221E4777ED005FCB3B /* Login */,
				3EDABE1C1E45E7DB000AB41A /* Main */,
				3EDABE0A1E45D07A000AB41A /* AppDelegate.swift */,
				3EDABE111E45D07A000AB41A /* Assets.xcassets */,
				3EDABE131E45D07A000AB41A /* LaunchScreen.storyboard */,
				3EDABE161E45D07A000AB41A /* Info.plist */,
			);
			path = Lism;
			sourceTree = "<group>";
		};
		3EDABE1C1E45E7DB000AB41A /* Main */ = {
			isa = PBXGroup;
			children = (
				3EDABE1D1E45E900000AB41A /* MainViewController.swift */,
			);
			name = Main;
			sourceTree = "<group>";
		};
		87649FC137B6BE68E5E5DCCD /* Frameworks */ = {
			isa = PBXGroup;
			children = (
				3E0B852D1E4990E0000197E6 /* CoreLocation.framework */,
				3E0B852B1E4990D6000197E6 /* CoreTelephony.framework */,
				3E0B85291E4990CC000197E6 /* MobileCoreServices.framework */,
				3E0B85271E4990C6000197E6 /* SystemConfiguration.framework */,
				3E0B85251E4990B9000197E6 /* libsqlite3.tbd */,
				3E0B85231E4990A7000197E6 /* libicucore.tbd */,
				3E0B85211E49908E000197E6 /* libc++.tbd */,
				3E0B851F1E49907F000197E6 /* libz.tbd */,
				3E0B851B1E499066000197E6 /* AVOSCloud.framework */,
				3E0B851C1E499066000197E6 /* AVOSCloudIM.framework */,
				520428B1559B17B2C36B42CB /* Pods_Lism.framework */,
			);
			name = Frameworks;
			sourceTree = "<group>";
		};
		E84385FC9CDF6FA208012D10 /* Pods */ = {
			isa = PBXGroup;
			children = (
				A8E1729C34FC369C429BFE29 /* Pods-Lism.debug.xcconfig */,
				00CB16244EE6783A8FF0F760 /* Pods-Lism.release.xcconfig */,
			);
			name = Pods;
			sourceTree = "<group>";
		};
/* End PBXGroup section */

/* Begin PBXNativeTarget section */
		3EDABE061E45D07A000AB41A /* Lism */ = {
			isa = PBXNativeTarget;
			buildConfigurationList = 3EDABE191E45D07A000AB41A /* Build configuration list for PBXNativeTarget "Lism" */;
			buildPhases = (
				69165AEE8E5BD80716B1F793 /* [CP] Check Pods Manifest.lock */,
				3EDABE031E45D07A000AB41A /* Sources */,
				3EDABE041E45D07A000AB41A /* Frameworks */,
				3EDABE051E45D07A000AB41A /* Resources */,
				056007A34035A68D62E1EA1D /* [CP] Embed Pods Frameworks */,
				A728587C7E40F82C958B162F /* [CP] Copy Pods Resources */,
			);
			buildRules = (
			);
			dependencies = (
			);
			name = Lism;
			productName = Lism;
			productReference = 3EDABE071E45D07A000AB41A /* Lism.app */;
			productType = "com.apple.product-type.application";
		};
/* End PBXNativeTarget section */

/* Begin PBXProject section */
		3EDABDFF1E45D07A000AB41A /* Project object */ = {
			isa = PBXProject;
			attributes = {
				LastSwiftUpdateCheck = 0820;
				LastUpgradeCheck = 0820;
				ORGANIZATIONNAME = TwinBinary;
				TargetAttributes = {
					3EDABE061E45D07A000AB41A = {
						CreatedOnToolsVersion = 8.2.1;
						ProvisioningStyle = Automatic;
					};
				};
			};
			buildConfigurationList = 3EDABE021E45D07A000AB41A /* Build configuration list for PBXProject "Lism" */;
			compatibilityVersion = "Xcode 3.2";
			developmentRegion = English;
			hasScannedForEncodings = 0;
			knownRegions = (
				en,
				Base,
			);
			mainGroup = 3EDABDFE1E45D07A000AB41A;
			productRefGroup = 3EDABE081E45D07A000AB41A /* Products */;
			projectDirPath = "";
			projectRoot = "";
			targets = (
				3EDABE061E45D07A000AB41A /* Lism */,
			);
		};
/* End PBXProject section */

/* Begin PBXResourcesBuildPhase section */
		3EDABE051E45D07A000AB41A /* Resources */ = {
			isa = PBXResourcesBuildPhase;
			buildActionMask = 2147483647;
			files = (
				3EDABE151E45D07A000AB41A /* LaunchScreen.storyboard in Resources */,
				3EDABE121E45D07A000AB41A /* Assets.xcassets in Resources */,
			);
			runOnlyForDeploymentPostprocessing = 0;
		};
/* End PBXResourcesBuildPhase section */

/* Begin PBXShellScriptBuildPhase section */
		056007A34035A68D62E1EA1D /* [CP] Embed Pods Frameworks */ = {
			isa = PBXShellScriptBuildPhase;
			buildActionMask = 2147483647;
			files = (
			);
			inputPaths = (
			);
			name = "[CP] Embed Pods Frameworks";
			outputPaths = (
			);
			runOnlyForDeploymentPostprocessing = 0;
			shellPath = /bin/sh;
			shellScript = "\"${SRCROOT}/Pods/Target Support Files/Pods-Lism/Pods-Lism-frameworks.sh\"\n";
			showEnvVarsInLog = 0;
		};
		69165AEE8E5BD80716B1F793 /* [CP] Check Pods Manifest.lock */ = {
			isa = PBXShellScriptBuildPhase;
			buildActionMask = 2147483647;
			files = (
			);
			inputPaths = (
			);
			name = "[CP] Check Pods Manifest.lock";
			outputPaths = (
			);
			runOnlyForDeploymentPostprocessing = 0;
			shellPath = /bin/sh;
			shellScript = "diff \"${PODS_ROOT}/../Podfile.lock\" \"${PODS_ROOT}/Manifest.lock\" > /dev/null\nif [ $? != 0 ] ; then\n    # print error to STDERR\n    echo \"error: The sandbox is not in sync with the Podfile.lock. Run 'pod install' or update your CocoaPods installation.\" >&2\n    exit 1\nfi\n";
			showEnvVarsInLog = 0;
		};
		A728587C7E40F82C958B162F /* [CP] Copy Pods Resources */ = {
			isa = PBXShellScriptBuildPhase;
			buildActionMask = 2147483647;
			files = (
			);
			inputPaths = (
			);
			name = "[CP] Copy Pods Resources";
			outputPaths = (
			);
			runOnlyForDeploymentPostprocessing = 0;
			shellPath = /bin/sh;
			shellScript = "\"${SRCROOT}/Pods/Target Support Files/Pods-Lism/Pods-Lism-resources.sh\"\n";
			showEnvVarsInLog = 0;
		};
/* End PBXShellScriptBuildPhase section */

/* Begin PBXSourcesBuildPhase section */
		3EDABE031E45D07A000AB41A /* Sources */ = {
			isa = PBXSourcesBuildPhase;
			buildActionMask = 2147483647;
			files = (
				3EBBEA241E4777F8005FCB3B /* LoginViewController.swift in Sources */,
				3EDABE1E1E45E900000AB41A /* MainViewController.swift in Sources */,
				3E0B85321E49C101000197E6 /* RegistrationViewController.swift in Sources */,
				3EDABE0B1E45D07A000AB41A /* AppDelegate.swift in Sources */,
			);
			runOnlyForDeploymentPostprocessing = 0;
		};
/* End PBXSourcesBuildPhase section */

/* Begin PBXVariantGroup section */
		3EDABE131E45D07A000AB41A /* LaunchScreen.storyboard */ = {
			isa = PBXVariantGroup;
			children = (
				3EDABE141E45D07A000AB41A /* Base */,
			);
			name = LaunchScreen.storyboard;
			sourceTree = "<group>";
		};
/* End PBXVariantGroup section */

/* Begin XCBuildConfiguration section */
		3EDABE171E45D07A000AB41A /* Debug */ = {
			isa = XCBuildConfiguration;
			buildSettings = {
				ALWAYS_SEARCH_USER_PATHS = NO;
				CLANG_ANALYZER_NONNULL = YES;
				CLANG_CXX_LANGUAGE_STANDARD = "gnu++0x";
				CLANG_CXX_LIBRARY = "libc++";
				CLANG_ENABLE_MODULES = YES;
				CLANG_ENABLE_OBJC_ARC = YES;
				CLANG_WARN_BOOL_CONVERSION = YES;
				CLANG_WARN_CONSTANT_CONVERSION = YES;
				CLANG_WARN_DIRECT_OBJC_ISA_USAGE = YES_ERROR;
				CLANG_WARN_DOCUMENTATION_COMMENTS = YES;
				CLANG_WARN_EMPTY_BODY = YES;
				CLANG_WARN_ENUM_CONVERSION = YES;
				CLANG_WARN_INFINITE_RECURSION = YES;
				CLANG_WARN_INT_CONVERSION = YES;
				CLANG_WARN_OBJC_ROOT_CLASS = YES_ERROR;
				CLANG_WARN_SUSPICIOUS_MOVE = YES;
				CLANG_WARN_UNREACHABLE_CODE = YES;
				CLANG_WARN__DUPLICATE_METHOD_MATCH = YES;
				"CODE_SIGN_IDENTITY[sdk=iphoneos*]" = "iPhone Developer";
				COPY_PHASE_STRIP = NO;
				DEBUG_INFORMATION_FORMAT = dwarf;
				ENABLE_STRICT_OBJC_MSGSEND = YES;
				ENABLE_TESTABILITY = YES;
				GCC_C_LANGUAGE_STANDARD = gnu99;
				GCC_DYNAMIC_NO_PIC = NO;
				GCC_NO_COMMON_BLOCKS = YES;
				GCC_OPTIMIZATION_LEVEL = 0;
				GCC_PREPROCESSOR_DEFINITIONS = (
					"DEBUG=1",
					"$(inherited)",
				);
				GCC_WARN_64_TO_32_BIT_CONVERSION = YES;
				GCC_WARN_ABOUT_RETURN_TYPE = YES_ERROR;
				GCC_WARN_UNDECLARED_SELECTOR = YES;
				GCC_WARN_UNINITIALIZED_AUTOS = YES_AGGRESSIVE;
				GCC_WARN_UNUSED_FUNCTION = YES;
				GCC_WARN_UNUSED_VARIABLE = YES;
				IPHONEOS_DEPLOYMENT_TARGET = 10.2;
				MTL_ENABLE_DEBUG_INFO = YES;
				ONLY_ACTIVE_ARCH = YES;
				SDKROOT = iphoneos;
				SWIFT_ACTIVE_COMPILATION_CONDITIONS = DEBUG;
				SWIFT_OPTIMIZATION_LEVEL = "-Onone";
			};
			name = Debug;
		};
		3EDABE181E45D07A000AB41A /* Release */ = {
			isa = XCBuildConfiguration;
			buildSettings = {
				ALWAYS_SEARCH_USER_PATHS = NO;
				CLANG_ANALYZER_NONNULL = YES;
				CLANG_CXX_LANGUAGE_STANDARD = "gnu++0x";
				CLANG_CXX_LIBRARY = "libc++";
				CLANG_ENABLE_MODULES = YES;
				CLANG_ENABLE_OBJC_ARC = YES;
				CLANG_WARN_BOOL_CONVERSION = YES;
				CLANG_WARN_CONSTANT_CONVERSION = YES;
				CLANG_WARN_DIRECT_OBJC_ISA_USAGE = YES_ERROR;
				CLANG_WARN_DOCUMENTATION_COMMENTS = YES;
				CLANG_WARN_EMPTY_BODY = YES;
				CLANG_WARN_ENUM_CONVERSION = YES;
				CLANG_WARN_INFINITE_RECURSION = YES;
				CLANG_WARN_INT_CONVERSION = YES;
				CLANG_WARN_OBJC_ROOT_CLASS = YES_ERROR;
				CLANG_WARN_SUSPICIOUS_MOVE = YES;
				CLANG_WARN_UNREACHABLE_CODE = YES;
				CLANG_WARN__DUPLICATE_METHOD_MATCH = YES;
				"CODE_SIGN_IDENTITY[sdk=iphoneos*]" = "iPhone Developer";
				COPY_PHASE_STRIP = NO;
				DEBUG_INFORMATION_FORMAT = "dwarf-with-dsym";
				ENABLE_NS_ASSERTIONS = NO;
				ENABLE_STRICT_OBJC_MSGSEND = YES;
				GCC_C_LANGUAGE_STANDARD = gnu99;
				GCC_NO_COMMON_BLOCKS = YES;
				GCC_WARN_64_TO_32_BIT_CONVERSION = YES;
				GCC_WARN_ABOUT_RETURN_TYPE = YES_ERROR;
				GCC_WARN_UNDECLARED_SELECTOR = YES;
				GCC_WARN_UNINITIALIZED_AUTOS = YES_AGGRESSIVE;
				GCC_WARN_UNUSED_FUNCTION = YES;
				GCC_WARN_UNUSED_VARIABLE = YES;
				IPHONEOS_DEPLOYMENT_TARGET = 10.2;
				MTL_ENABLE_DEBUG_INFO = NO;
				SDKROOT = iphoneos;
				SWIFT_OPTIMIZATION_LEVEL = "-Owholemodule";
				VALIDATE_PRODUCT = YES;
			};
			name = Release;
		};
		3EDABE1A1E45D07A000AB41A /* Debug */ = {
			isa = XCBuildConfiguration;
			baseConfigurationReference = A8E1729C34FC369C429BFE29 /* Pods-Lism.debug.xcconfig */;
			buildSettings = {
				ASSETCATALOG_COMPILER_APPICON_NAME = AppIcon;
				INFOPLIST_FILE = Lism/Info.plist;
				IPHONEOS_DEPLOYMENT_TARGET = 10.2;
				LD_RUNPATH_SEARCH_PATHS = "$(inherited) @executable_path/Frameworks";
				PRODUCT_BUNDLE_IDENTIFIER = com.twinbinary.Lism;
				PRODUCT_NAME = "$(TARGET_NAME)";
				SWIFT_VERSION = 3.0;
			};
			name = Debug;
		};
		3EDABE1B1E45D07A000AB41A /* Release */ = {
			isa = XCBuildConfiguration;
			baseConfigurationReference = 00CB16244EE6783A8FF0F760 /* Pods-Lism.release.xcconfig */;
			buildSettings = {
				ASSETCATALOG_COMPILER_APPICON_NAME = AppIcon;
				INFOPLIST_FILE = Lism/Info.plist;
				IPHONEOS_DEPLOYMENT_TARGET = 10.2;
				LD_RUNPATH_SEARCH_PATHS = "$(inherited) @executable_path/Frameworks";
				PRODUCT_BUNDLE_IDENTIFIER = com.twinbinary.Lism;
				PRODUCT_NAME = "$(TARGET_NAME)";
				SWIFT_VERSION = 3.0;
			};
			name = Release;
		};
/* End XCBuildConfiguration section */

/* Begin XCConfigurationList section */
		3EDABE021E45D07A000AB41A /* Build configuration list for PBXProject "Lism" */ = {
			isa = XCConfigurationList;
			buildConfigurations = (
				3EDABE171E45D07A000AB41A /* Debug */,
				3EDABE181E45D07A000AB41A /* Release */,
			);
			defaultConfigurationIsVisible = 0;
			defaultConfigurationName = Release;
		};
		3EDABE191E45D07A000AB41A /* Build configuration list for PBXNativeTarget "Lism" */ = {
			isa = XCConfigurationList;
			buildConfigurations = (
				3EDABE1A1E45D07A000AB41A /* Debug */,
				3EDABE1B1E45D07A000AB41A /* Release */,
			);
			defaultConfigurationIsVisible = 0;
			defaultConfigurationName = Release;
		};
/* End XCConfigurationList section */
	};
	rootObject = 3EDABDFF1E45D07A000AB41A /* Project object */;
}
